
Microsoft Visual Studio Solution File, Format Version 12.00
# Visual Studio 14
VisualStudioVersion = 14.0.25123.0
MinimumVisualStudioVersion = 10.0.40219.1
Project("{FAE04EC0-301F-11D3-BF4B-00C04F79EFBC}") = "Numerologia Empresarial", "Numerologia Empresarial\Numerologia Empresarial.csproj", "{B5791283-9FB2-4731-A6A5-4E565F6C9C3C}"
EndProject
Global
	GlobalSection(SolutionConfigurationPlatforms) = preSolution
		Debug|Any CPU = Debug|Any CPU
		Release|Any CPU = Release|Any CPU
	EndGlobalSection
	GlobalSection(ProjectConfigurationPlatforms) = postSolution
		{B5791283-9FB2-4731-A6A5-4E565F6C9C3C}.Debug|Any CPU.ActiveCfg = Debug|Any CPU
		{B5791283-9FB2-4731-A6A5-4E565F6C9C3C}.Debug|Any CPU.Build.0 = Debug|Any CPU
		{B5791283-9FB2-4731-A6A5-4E565F6C9C3C}.Release|Any CPU.ActiveCfg = Release|Any CPU
		{B5791283-9FB2-4731-A6A5-4E565F6C9C3C}.Release|Any CPU.Build.0 = Release|Any CPU
	EndGlobalSection
	GlobalSection(SolutionProperties) = preSolution
		HideSolutionNode = FALSE
	EndGlobalSection
EndGlobal
